
Microsoft Visual Studio Solution File, Format Version 12.00
# Visual Studio Version 17
VisualStudioVersion = 17.4.33122.133
MinimumVisualStudioVersion = 10.0.40219.1
Project("{FAE04EC0-301F-11D3-BF4B-00C04F79EFBC}") = "XCoreDev", "XCoreDev\XCoreDev.csproj", "{BE29E87F-B972-4CAF-93EC-AF2D85A912DF}"
EndProject
Global
	GlobalSection(SolutionConfigurationPlatforms) = preSolution
		Debug|Any CPU = Debug|Any CPU
		Release|Any CPU = Release|Any CPU
	EndGlobalSection
	GlobalSection(ProjectConfigurationPlatforms) = postSolution
		{BE29E87F-B972-4CAF-93EC-AF2D85A912DF}.Debug|Any CPU.ActiveCfg = Debug|Any CPU
		{BE29E87F-B972-4CAF-93EC-AF2D85A912DF}.Debug|Any CPU.Build.0 = Debug|Any CPU
		{BE29E87F-B972-4CAF-93EC-AF2D85A912DF}.Release|Any CPU.ActiveCfg = Release|Any CPU
		{BE29E87F-B972-4CAF-93EC-AF2D85A912DF}.Release|Any CPU.Build.0 = Release|Any CPU
	EndGlobalSection
	GlobalSection(SolutionProperties) = preSolution
		HideSolutionNode = FALSE
	EndGlobalSection
	GlobalSection(ExtensibilityGlobals) = postSolution
		SolutionGuid = {DF55CB3F-3A7C-4965-AAFE-64F0966FA5F4}
	EndGlobalSection
EndGlobal
